// !$*UTF8*$!
{
	archiveVersion = 1;
	classes = {
	};
	objectVersion = 46;
	objects = {

/* Begin PBXBuildFile section */
		0107E01917CBC8E60099E4E4 /* GTMOAuth2Authentication.m in Sources */ = {isa = PBXBuildFile; fileRef = 0107E01817CBC8E60099E4E4 /* GTMOAuth2Authentication.m */; settings = {COMPILER_FLAGS = "-fno-objc-arc"; }; };
		0107E01C17CBC9430099E4E4 /* GTMHTTPFetcher.m in Sources */ = {isa = PBXBuildFile; fileRef = 0107E01B17CBC9430099E4E4 /* GTMHTTPFetcher.m */; settings = {COMPILER_FLAGS = "-fno-objc-arc"; }; };
		0107E02017CBC9940099E4E4 /* GTMOAuth2SignIn.m in Sources */ = {isa = PBXBuildFile; fileRef = 0107E01F17CBC9940099E4E4 /* GTMOAuth2SignIn.m */; settings = {COMPILER_FLAGS = "-fno-objc-arc"; }; };
		0107E02317CBE1840099E4E4 /* LoginViewController.m in Sources */ = {isa = PBXBuildFile; fileRef = 0107E02217CBE1840099E4E4 /* LoginViewController.m */; };
		0107E02A17CC13D40099E4E4 /* WelcomeViewController.m in Sources */ = {isa = PBXBuildFile; fileRef = 0107E02917CC13D40099E4E4 /* WelcomeViewController.m */; };
		010BC6A517CBB7E90043B9C4 /* GTMOAuth2ViewControllerTouch.m in Sources */ = {isa = PBXBuildFile; fileRef = 010BC6A317CBB7E90043B9C4 /* GTMOAuth2ViewControllerTouch.m */; settings = {COMPILER_FLAGS = "-fno-objc-arc"; }; };
		010BC6A617CBB7E90043B9C4 /* GTMOAuth2ViewTouch.xib in Resources */ = {isa = PBXBuildFile; fileRef = 010BC6A417CBB7E90043B9C4 /* GTMOAuth2ViewTouch.xib */; };
		0113855017C1D97700F8A965 /* AnnouncementCreationTitleViewController.m in Sources */ = {isa = PBXBuildFile; fileRef = 0113854F17C1D97700F8A965 /* AnnouncementCreationTitleViewController.m */; };
		0113855317C1DA2500F8A965 /* AnnouncementCreationBodyViewController.m in Sources */ = {isa = PBXBuildFile; fileRef = 0113855217C1DA2500F8A965 /* AnnouncementCreationBodyViewController.m */; };
		01176FCD17DBE0DB00DFF2EA /* ClassScheduleStore.m in Sources */ = {isa = PBXBuildFile; fileRef = 01176FCC17DBE0DB00DFF2EA /* ClassScheduleStore.m */; };
		01176FCE17DBE0DB00DFF2EA /* ClassScheduleStore.m in Sources */ = {isa = PBXBuildFile; fileRef = 01176FCC17DBE0DB00DFF2EA /* ClassScheduleStore.m */; };
		01176FD417DC122F00DFF2EA /* SchoolClass.m in Sources */ = {isa = PBXBuildFile; fileRef = 01176FD317DC122F00DFF2EA /* SchoolClass.m */; };
		01176FD517DC122F00DFF2EA /* SchoolClass.m in Sources */ = {isa = PBXBuildFile; fileRef = 01176FD317DC122F00DFF2EA /* SchoolClass.m */; };
		01176FD817DC333600DFF2EA /* SchoolClassCell.m in Sources */ = {isa = PBXBuildFile; fileRef = 01176FD717DC333600DFF2EA /* SchoolClassCell.m */; };
		01176FD917DC333600DFF2EA /* SchoolClassCell.m in Sources */ = {isa = PBXBuildFile; fileRef = 01176FD717DC333600DFF2EA /* SchoolClassCell.m */; };
		01176FDC17DC3C3E00DFF2EA /* SchoolClassEditTableViewController.m in Sources */ = {isa = PBXBuildFile; fileRef = 01176FDB17DC3C3E00DFF2EA /* SchoolClassEditTableViewController.m */; };
		01176FDD17DC3C3E00DFF2EA /* SchoolClassEditTableViewController.m in Sources */ = {isa = PBXBuildFile; fileRef = 01176FDB17DC3C3E00DFF2EA /* SchoolClassEditTableViewController.m */; };
		01176FE017DC465900DFF2EA /* SchoolClassTimeEditCell.m in Sources */ = {isa = PBXBuildFile; fileRef = 01176FDF17DC465900DFF2EA /* SchoolClassTimeEditCell.m */; };
		01176FE117DC465900DFF2EA /* SchoolClassTimeEditCell.m in Sources */ = {isa = PBXBuildFile; fileRef = 01176FDF17DC465900DFF2EA /* SchoolClassTimeEditCell.m */; };
		01176FE717DC621D00DFF2EA /* SchoolClassNameEditCell.m in Sources */ = {isa = PBXBuildFile; fileRef = 01176FE617DC621D00DFF2EA /* SchoolClassNameEditCell.m */; };
		01176FE817DC621D00DFF2EA /* SchoolClassNameEditCell.m in Sources */ = {isa = PBXBuildFile; fileRef = 01176FE617DC621D00DFF2EA /* SchoolClassNameEditCell.m */; };
		01176FEF17DC64F100DFF2EA /* SchoolClassTimeCell.m in Sources */ = {isa = PBXBuildFile; fileRef = 01176FEE17DC64F100DFF2EA /* SchoolClassTimeCell.m */; };
		01176FF017DC64F100DFF2EA /* SchoolClassTimeCell.m in Sources */ = {isa = PBXBuildFile; fileRef = 01176FEE17DC64F100DFF2EA /* SchoolClassTimeCell.m */; };
		0124412617D056260091C01E /* WelcomeView.xib in Resources */ = {isa = PBXBuildFile; fileRef = 0124412517D056260091C01E /* WelcomeView.xib */; };
		0125F75C17BB1C750042EB6F /* AnnouncementCell.m in Sources */ = {isa = PBXBuildFile; fileRef = 0125F75B17BB1C750042EB6F /* AnnouncementCell.m */; };
		01271A1217C9CB2E003C487C /* MainMenuBackgroundView.xib in Resources */ = {isa = PBXBuildFile; fileRef = 01271A1117C9CB2E003C487C /* MainMenuBackgroundView.xib */; };
		013BB66E17CAEBB100B0E881 /* UIApplication+HasNetworkConnection.m in Sources */ = {isa = PBXBuildFile; fileRef = 013BB66D17CAEBB100B0E881 /* UIApplication+HasNetworkConnection.m */; };
		015191FF17D545CA0073AAEC /* NewspaperCell.m in Sources */ = {isa = PBXBuildFile; fileRef = 015191FE17D545CA0073AAEC /* NewspaperCell.m */; };
		0151920117D545D50073AAEC /* NewspaperCell.xib in Resources */ = {isa = PBXBuildFile; fileRef = 0151920017D545D50073AAEC /* NewspaperCell.xib */; };
		016780DB17A6DBD3009AB9FA /* UIApplication+iOSVersionChecker.m in Sources */ = {isa = PBXBuildFile; fileRef = 016780DA17A6DBD3009AB9FA /* UIApplication+iOSVersionChecker.m */; };
		0169749417D2D38900973B1B /* MyMaretFrontViewController.m in Sources */ = {isa = PBXBuildFile; fileRef = 0169749317D2D38900973B1B /* MyMaretFrontViewController.m */; };
		0169749717D2D49800973B1B /* MyMaretFrontCollectionViewController.m in Sources */ = {isa = PBXBuildFile; fileRef = 0169749617D2D49800973B1B /* MyMaretFrontCollectionViewController.m */; };
		0169749B17D30F8D00973B1B /* NewspaperStore.m in Sources */ = {isa = PBXBuildFile; fileRef = 0169749A17D30F8D00973B1B /* NewspaperStore.m */; };
		0169749C17D30F8D00973B1B /* NewspaperStore.m in Sources */ = {isa = PBXBuildFile; fileRef = 0169749A17D30F8D00973B1B /* NewspaperStore.m */; };
		016974A717D3113700973B1B /* NewspaperArticle.m in Sources */ = {isa = PBXBuildFile; fileRef = 016974A617D3113700973B1B /* NewspaperArticle.m */; };
		016974A817D3113700973B1B /* NewspaperArticle.m in Sources */ = {isa = PBXBuildFile; fileRef = 016974A617D3113700973B1B /* NewspaperArticle.m */; };
		016F9D7C17B94EDB00EC9060 /* NSDate+TwoWeeksAgo.m in Sources */ = {isa = PBXBuildFile; fileRef = 016F9D7B17B94EDB00EC9060 /* NSDate+TwoWeeksAgo.m */; };
		0171AEC317A6244700F3284C /* AnnouncementsTableViewController.m in Sources */ = {isa = PBXBuildFile; fileRef = 0171AEC217A6244700F3284C /* AnnouncementsTableViewController.m */; };
		0177454917A60AC3001625BF /* Foundation.framework in Frameworks */ = {isa = PBXBuildFile; fileRef = 0177454817A60AC3001625BF /* Foundation.framework */; };
		0177454B17A60AC3001625BF /* CoreGraphics.framework in Frameworks */ = {isa = PBXBuildFile; fileRef = 0177454A17A60AC3001625BF /* CoreGraphics.framework */; };
		0177454D17A60AC3001625BF /* UIKit.framework in Frameworks */ = {isa = PBXBuildFile; fileRef = 0177454C17A60AC3001625BF /* UIKit.framework */; };
		0177455317A60AC3001625BF /* InfoPlist.strings in Resources */ = {isa = PBXBuildFile; fileRef = 0177455117A60AC3001625BF /* InfoPlist.strings */; };
		0177455517A60AC3001625BF /* main.m in Sources */ = {isa = PBXBuildFile; fileRef = 0177455417A60AC3001625BF /* main.m */; };
		0177455917A60AC3001625BF /* AppDelegate.m in Sources */ = {isa = PBXBuildFile; fileRef = 0177455817A60AC3001625BF /* AppDelegate.m */; };
		0177455C17A60AC3001625BF /* Main.storyboard in Resources */ = {isa = PBXBuildFile; fileRef = 0177455A17A60AC3001625BF /* Main.storyboard */; };
		0177455F17A60AC3001625BF /* MainMenuViewController.m in Sources */ = {isa = PBXBuildFile; fileRef = 0177455E17A60AC3001625BF /* MainMenuViewController.m */; };
		0177456117A60AC3001625BF /* Images.xcassets in Resources */ = {isa = PBXBuildFile; fileRef = 0177456017A60AC3001625BF /* Images.xcassets */; };
		0177458017A60B5E001625BF /* SWRevealViewController.m in Sources */ = {isa = PBXBuildFile; fileRef = 0177457F17A60B5E001625BF /* SWRevealViewController.m */; };
		017A96DB17A7EB6C003D8A40 /* CalendarViewController.m in Sources */ = {isa = PBXBuildFile; fileRef = 017A96DA17A7EB6C003D8A40 /* CalendarViewController.m */; };
		017EE13E17D55F6C00AB41A1 /* ArticleDetailViewController.m in Sources */ = {isa = PBXBuildFile; fileRef = 017EE13D17D55F6C00AB41A1 /* ArticleDetailViewController.m */; };
		019054B717DD63F200B7982F /* TodayTableViewController.m in Sources */ = {isa = PBXBuildFile; fileRef = 019054B617DD63F200B7982F /* TodayTableViewController.m */; };
		0197389917C2C21100CB5221 /* AnnouncementDetailViewController.m in Sources */ = {isa = PBXBuildFile; fileRef = 0197389817C2C21100CB5221 /* AnnouncementDetailViewController.m */; };
		0197389B17C31F1800CB5221 /* MessageUI.framework in Frameworks */ = {isa = PBXBuildFile; fileRef = 0197389A17C31F1800CB5221 /* MessageUI.framework */; };
		01A4FE1C17B97304007FAB5C /* XCTest.framework in Frameworks */ = {isa = PBXBuildFile; fileRef = 0177456717A60AC3001625BF /* XCTest.framework */; };
		01A4FE1D17B97304007FAB5C /* Foundation.framework in Frameworks */ = {isa = PBXBuildFile; fileRef = 0177454817A60AC3001625BF /* Foundation.framework */; };
		01A4FE1E17B97304007FAB5C /* UIKit.framework in Frameworks */ = {isa = PBXBuildFile; fileRef = 0177454C17A60AC3001625BF /* UIKit.framework */; };
		01A4FE2417B97304007FAB5C /* InfoPlist.strings in Resources */ = {isa = PBXBuildFile; fileRef = 01A4FE2217B97304007FAB5C /* InfoPlist.strings */; };
		01A4FE2617B97304007FAB5C /* MyMaret_Tests.m in Sources */ = {isa = PBXBuildFile; fileRef = 01A4FE2517B97304007FAB5C /* MyMaret_Tests.m */; };
		01A4FE3517B97C08007FAB5C /* UIColor+SchoolColor.m in Sources */ = {isa = PBXBuildFile; fileRef = 01A4FE3417B97C08007FAB5C /* UIColor+SchoolColor.m */; };
		01ACC11E17D5020D008893ED /* SectionHeaderView.xib in Resources */ = {isa = PBXBuildFile; fileRef = 01ACC11D17D5020D008893ED /* SectionHeaderView.xib */; };
		01B0BB9417ACA6FA0035B3FE /* Parse.framework in Frameworks */ = {isa = PBXBuildFile; fileRef = 01B0BB9317ACA6FA0035B3FE /* Parse.framework */; };
		01B0BB9917ACA74C0035B3FE /* CFNetwork.framework in Frameworks */ = {isa = PBXBuildFile; fileRef = 01B0BB9817ACA74C0035B3FE /* CFNetwork.framework */; };
		01B0BB9A17ACA7540035B3FE /* AudioToolbox.framework in Frameworks */ = {isa = PBXBuildFile; fileRef = 01B0BB9617ACA7440035B3FE /* AudioToolbox.framework */; };
		01B0BB9C17ACA7640035B3FE /* CoreLocation.framework in Frameworks */ = {isa = PBXBuildFile; fileRef = 01B0BB9B17ACA7640035B3FE /* CoreLocation.framework */; };
		01B0BB9E17ACA7710035B3FE /* libz.1.1.3.dylib in Frameworks */ = {isa = PBXBuildFile; fileRef = 01B0BB9D17ACA7710035B3FE /* libz.1.1.3.dylib */; };
		01B0BBA017ACA7790035B3FE /* MobileCoreServices.framework in Frameworks */ = {isa = PBXBuildFile; fileRef = 01B0BB9F17ACA7790035B3FE /* MobileCoreServices.framework */; };
		01B0BBA217ACA7810035B3FE /* QuartzCore.framework in Frameworks */ = {isa = PBXBuildFile; fileRef = 01B0BBA117ACA7810035B3FE /* QuartzCore.framework */; };
		01B0BBA417ACA78A0035B3FE /* Security.framework in Frameworks */ = {isa = PBXBuildFile; fileRef = 01B0BBA317ACA78A0035B3FE /* Security.framework */; };
		01B0BBA817ACA7980035B3FE /* SystemConfiguration.framework in Frameworks */ = {isa = PBXBuildFile; fileRef = 01B0BBA717ACA7980035B3FE /* SystemConfiguration.framework */; };
		01BD435C17C9BB22005EF174 /* AnnouncementCell.xib in Resources */ = {isa = PBXBuildFile; fileRef = 01BD435B17C9BB22005EF174 /* AnnouncementCell.xib */; };
		01BF139817A89A3B00731690 /* AnnouncementsStore.m in Sources */ = {isa = PBXBuildFile; fileRef = 01BF139717A89A3B00731690 /* AnnouncementsStore.m */; };
		01BF139C17A89B8500731690 /* AnnouncementsCDModel.xcdatamodeld in Sources */ = {isa = PBXBuildFile; fileRef = 01BF139A17A89B8500731690 /* AnnouncementsCDModel.xcdatamodeld */; };
		01BF13A017A89F7D00731690 /* Announcement.m in Sources */ = {isa = PBXBuildFile; fileRef = 01BF139F17A89F7D00731690 /* Announcement.m */; };
		01DAA6B017A7041E00B23BB2 /* MyMaretFrontTableViewController.m in Sources */ = {isa = PBXBuildFile; fileRef = 01DAA6AF17A7041E00B23BB2 /* MyMaretFrontTableViewController.m */; };
		01DAA6B917A70A1B00B23BB2 /* NewspaperTableViewController.m in Sources */ = {isa = PBXBuildFile; fileRef = 01DAA6B817A70A1B00B23BB2 /* NewspaperTableViewController.m */; };
		01DAA6BE17A70A4700B23BB2 /* ClassScheduleTableViewController.m in Sources */ = {isa = PBXBuildFile; fileRef = 01DAA6BD17A70A4700B23BB2 /* ClassScheduleTableViewController.m */; };
		01DAA6C317A70A6800B23BB2 /* AssignmentBookCollectionViewController.m in Sources */ = {isa = PBXBuildFile; fileRef = 01DAA6C217A70A6800B23BB2 /* AssignmentBookCollectionViewController.m */; };
		01DAA6C817A70ABF00B23BB2 /* SettingsTableViewController.m in Sources */ = {isa = PBXBuildFile; fileRef = 01DAA6C717A70ABF00B23BB2 /* SettingsTableViewController.m */; };
/* End PBXBuildFile section */

/* Begin PBXContainerItemProxy section */
		01A4FE2817B97304007FAB5C /* PBXContainerItemProxy */ = {
			isa = PBXContainerItemProxy;
			containerPortal = 0177453D17A60AC2001625BF /* Project object */;
			proxyType = 1;
			remoteGlobalIDString = 0177454417A60AC2001625BF;
			remoteInfo = MyMaret;
		};
/* End PBXContainerItemProxy section */

/* Begin PBXFileReference section */
		0107E01717CBC8E60099E4E4 /* GTMOAuth2Authentication.h */ = {isa = PBXFileReference; fileEncoding = 4; lastKnownFileType = sourcecode.c.h; path = GTMOAuth2Authentication.h; sourceTree = "<group>"; };
		0107E01817CBC8E60099E4E4 /* GTMOAuth2Authentication.m */ = {isa = PBXFileReference; fileEncoding = 4; lastKnownFileType = sourcecode.c.objc; path = GTMOAuth2Authentication.m; sourceTree = "<group>"; };
		0107E01A17CBC9430099E4E4 /* GTMHTTPFetcher.h */ = {isa = PBXFileReference; fileEncoding = 4; lastKnownFileType = sourcecode.c.h; path = GTMHTTPFetcher.h; sourceTree = "<group>"; };
		0107E01B17CBC9430099E4E4 /* GTMHTTPFetcher.m */ = {isa = PBXFileReference; fileEncoding = 4; lastKnownFileType = sourcecode.c.objc; path = GTMHTTPFetcher.m; sourceTree = "<group>"; };
		0107E01E17CBC9940099E4E4 /* GTMOAuth2SignIn.h */ = {isa = PBXFileReference; fileEncoding = 4; lastKnownFileType = sourcecode.c.h; path = GTMOAuth2SignIn.h; sourceTree = "<group>"; };
		0107E01F17CBC9940099E4E4 /* GTMOAuth2SignIn.m */ = {isa = PBXFileReference; fileEncoding = 4; lastKnownFileType = sourcecode.c.objc; path = GTMOAuth2SignIn.m; sourceTree = "<group>"; };
		0107E02117CBE1840099E4E4 /* LoginViewController.h */ = {isa = PBXFileReference; fileEncoding = 4; lastKnownFileType = sourcecode.c.h; name = LoginViewController.h; path = MyMaret/LoginViewController.h; sourceTree = SOURCE_ROOT; };
		0107E02217CBE1840099E4E4 /* LoginViewController.m */ = {isa = PBXFileReference; fileEncoding = 4; lastKnownFileType = sourcecode.c.objc; name = LoginViewController.m; path = MyMaret/LoginViewController.m; sourceTree = SOURCE_ROOT; };
		0107E02817CC13D40099E4E4 /* WelcomeViewController.h */ = {isa = PBXFileReference; fileEncoding = 4; lastKnownFileType = sourcecode.c.h; name = WelcomeViewController.h; path = MyMaret/WelcomeViewController.h; sourceTree = SOURCE_ROOT; };
		0107E02917CC13D40099E4E4 /* WelcomeViewController.m */ = {isa = PBXFileReference; fileEncoding = 4; lastKnownFileType = sourcecode.c.objc; name = WelcomeViewController.m; path = MyMaret/WelcomeViewController.m; sourceTree = SOURCE_ROOT; };
		010BC6A217CBB7E90043B9C4 /* GTMOAuth2ViewControllerTouch.h */ = {isa = PBXFileReference; fileEncoding = 4; lastKnownFileType = sourcecode.c.h; path = GTMOAuth2ViewControllerTouch.h; sourceTree = "<group>"; };
		010BC6A317CBB7E90043B9C4 /* GTMOAuth2ViewControllerTouch.m */ = {isa = PBXFileReference; fileEncoding = 4; lastKnownFileType = sourcecode.c.objc; path = GTMOAuth2ViewControllerTouch.m; sourceTree = "<group>"; };
		010BC6A417CBB7E90043B9C4 /* GTMOAuth2ViewTouch.xib */ = {isa = PBXFileReference; fileEncoding = 4; lastKnownFileType = file.xib; path = GTMOAuth2ViewTouch.xib; sourceTree = "<group>"; };
		0113854E17C1D97700F8A965 /* AnnouncementCreationTitleViewController.h */ = {isa = PBXFileReference; fileEncoding = 4; lastKnownFileType = sourcecode.c.h; path = AnnouncementCreationTitleViewController.h; sourceTree = "<group>"; };
		0113854F17C1D97700F8A965 /* AnnouncementCreationTitleViewController.m */ = {isa = PBXFileReference; fileEncoding = 4; lastKnownFileType = sourcecode.c.objc; path = AnnouncementCreationTitleViewController.m; sourceTree = "<group>"; };
		0113855117C1DA2500F8A965 /* AnnouncementCreationBodyViewController.h */ = {isa = PBXFileReference; fileEncoding = 4; lastKnownFileType = sourcecode.c.h; path = AnnouncementCreationBodyViewController.h; sourceTree = "<group>"; };
		0113855217C1DA2500F8A965 /* AnnouncementCreationBodyViewController.m */ = {isa = PBXFileReference; fileEncoding = 4; lastKnownFileType = sourcecode.c.objc; path = AnnouncementCreationBodyViewController.m; sourceTree = "<group>"; };
		01176FCB17DBE0DB00DFF2EA /* ClassScheduleStore.h */ = {isa = PBXFileReference; fileEncoding = 4; lastKnownFileType = sourcecode.c.h; path = ClassScheduleStore.h; sourceTree = "<group>"; };
		01176FCC17DBE0DB00DFF2EA /* ClassScheduleStore.m */ = {isa = PBXFileReference; fileEncoding = 4; lastKnownFileType = sourcecode.c.objc; path = ClassScheduleStore.m; sourceTree = "<group>"; };
		01176FD217DC122F00DFF2EA /* SchoolClass.h */ = {isa = PBXFileReference; fileEncoding = 4; lastKnownFileType = sourcecode.c.h; path = SchoolClass.h; sourceTree = "<group>"; };
		01176FD317DC122F00DFF2EA /* SchoolClass.m */ = {isa = PBXFileReference; fileEncoding = 4; lastKnownFileType = sourcecode.c.objc; path = SchoolClass.m; sourceTree = "<group>"; };
		01176FD617DC333600DFF2EA /* SchoolClassCell.h */ = {isa = PBXFileReference; fileEncoding = 4; lastKnownFileType = sourcecode.c.h; path = SchoolClassCell.h; sourceTree = "<group>"; };
		01176FD717DC333600DFF2EA /* SchoolClassCell.m */ = {isa = PBXFileReference; fileEncoding = 4; lastKnownFileType = sourcecode.c.objc; path = SchoolClassCell.m; sourceTree = "<group>"; };
		01176FDA17DC3C3E00DFF2EA /* SchoolClassEditTableViewController.h */ = {isa = PBXFileReference; fileEncoding = 4; lastKnownFileType = sourcecode.c.h; path = SchoolClassEditTableViewController.h; sourceTree = "<group>"; };
		01176FDB17DC3C3E00DFF2EA /* SchoolClassEditTableViewController.m */ = {isa = PBXFileReference; fileEncoding = 4; lastKnownFileType = sourcecode.c.objc; path = SchoolClassEditTableViewController.m; sourceTree = "<group>"; };
		01176FDE17DC465900DFF2EA /* SchoolClassTimeEditCell.h */ = {isa = PBXFileReference; fileEncoding = 4; lastKnownFileType = sourcecode.c.h; path = SchoolClassTimeEditCell.h; sourceTree = "<group>"; };
		01176FDF17DC465900DFF2EA /* SchoolClassTimeEditCell.m */ = {isa = PBXFileReference; fileEncoding = 4; lastKnownFileType = sourcecode.c.objc; path = SchoolClassTimeEditCell.m; sourceTree = "<group>"; };
		01176FE517DC621D00DFF2EA /* SchoolClassNameEditCell.h */ = {isa = PBXFileReference; fileEncoding = 4; lastKnownFileType = sourcecode.c.h; path = SchoolClassNameEditCell.h; sourceTree = "<group>"; };
		01176FE617DC621D00DFF2EA /* SchoolClassNameEditCell.m */ = {isa = PBXFileReference; fileEncoding = 4; lastKnownFileType = sourcecode.c.objc; path = SchoolClassNameEditCell.m; sourceTree = "<group>"; };
		01176FED17DC64F100DFF2EA /* SchoolClassTimeCell.h */ = {isa = PBXFileReference; fileEncoding = 4; lastKnownFileType = sourcecode.c.h; path = SchoolClassTimeCell.h; sourceTree = "<group>"; };
		01176FEE17DC64F100DFF2EA /* SchoolClassTimeCell.m */ = {isa = PBXFileReference; fileEncoding = 4; lastKnownFileType = sourcecode.c.objc; path = SchoolClassTimeCell.m; sourceTree = "<group>"; };
		0124412517D056260091C01E /* WelcomeView.xib */ = {isa = PBXFileReference; fileEncoding = 4; lastKnownFileType = file.xib; name = WelcomeView.xib; path = MyMaret/WelcomeView.xib; sourceTree = SOURCE_ROOT; };
		0125F75A17BB1C750042EB6F /* AnnouncementCell.h */ = {isa = PBXFileReference; fileEncoding = 4; lastKnownFileType = sourcecode.c.h; path = AnnouncementCell.h; sourceTree = "<group>"; };
		0125F75B17BB1C750042EB6F /* AnnouncementCell.m */ = {isa = PBXFileReference; fileEncoding = 4; lastKnownFileType = sourcecode.c.objc; path = AnnouncementCell.m; sourceTree = "<group>"; };
		01271A1117C9CB2E003C487C /* MainMenuBackgroundView.xib */ = {isa = PBXFileReference; fileEncoding = 4; lastKnownFileType = file.xib; path = MainMenuBackgroundView.xib; sourceTree = "<group>"; };
		013BB66C17CAEBB100B0E881 /* UIApplication+HasNetworkConnection.h */ = {isa = PBXFileReference; fileEncoding = 4; lastKnownFileType = sourcecode.c.h; path = "UIApplication+HasNetworkConnection.h"; sourceTree = "<group>"; };
		013BB66D17CAEBB100B0E881 /* UIApplication+HasNetworkConnection.m */ = {isa = PBXFileReference; fileEncoding = 4; lastKnownFileType = sourcecode.c.objc; path = "UIApplication+HasNetworkConnection.m"; sourceTree = "<group>"; };
		015191FD17D545CA0073AAEC /* NewspaperCell.h */ = {isa = PBXFileReference; fileEncoding = 4; lastKnownFileType = sourcecode.c.h; path = NewspaperCell.h; sourceTree = "<group>"; };
		015191FE17D545CA0073AAEC /* NewspaperCell.m */ = {isa = PBXFileReference; fileEncoding = 4; lastKnownFileType = sourcecode.c.objc; path = NewspaperCell.m; sourceTree = "<group>"; };
		0151920017D545D50073AAEC /* NewspaperCell.xib */ = {isa = PBXFileReference; fileEncoding = 4; lastKnownFileType = file.xib; path = NewspaperCell.xib; sourceTree = "<group>"; };
		016780D917A6DBD3009AB9FA /* UIApplication+iOSVersionChecker.h */ = {isa = PBXFileReference; fileEncoding = 4; lastKnownFileType = sourcecode.c.h; path = "UIApplication+iOSVersionChecker.h"; sourceTree = "<group>"; };
		016780DA17A6DBD3009AB9FA /* UIApplication+iOSVersionChecker.m */ = {isa = PBXFileReference; fileEncoding = 4; lastKnownFileType = sourcecode.c.objc; path = "UIApplication+iOSVersionChecker.m"; sourceTree = "<group>"; };
		0169749217D2D38900973B1B /* MyMaretFrontViewController.h */ = {isa = PBXFileReference; fileEncoding = 4; lastKnownFileType = sourcecode.c.h; path = MyMaretFrontViewController.h; sourceTree = "<group>"; };
		0169749317D2D38900973B1B /* MyMaretFrontViewController.m */ = {isa = PBXFileReference; fileEncoding = 4; lastKnownFileType = sourcecode.c.objc; path = MyMaretFrontViewController.m; sourceTree = "<group>"; };
		0169749517D2D49800973B1B /* MyMaretFrontCollectionViewController.h */ = {isa = PBXFileReference; fileEncoding = 4; lastKnownFileType = sourcecode.c.h; name = MyMaretFrontCollectionViewController.h; path = MyMaret/MyMaretFrontCollectionViewController.h; sourceTree = SOURCE_ROOT; };
		0169749617D2D49800973B1B /* MyMaretFrontCollectionViewController.m */ = {isa = PBXFileReference; fileEncoding = 4; lastKnownFileType = sourcecode.c.objc; name = MyMaretFrontCollectionViewController.m; path = MyMaret/MyMaretFrontCollectionViewController.m; sourceTree = SOURCE_ROOT; };
		0169749817D2D70000973B1B /* PushNotificationUpdateable.h */ = {isa = PBXFileReference; fileEncoding = 4; lastKnownFileType = sourcecode.c.h; path = PushNotificationUpdateable.h; sourceTree = "<group>"; };
		0169749917D30F8D00973B1B /* NewspaperStore.h */ = {isa = PBXFileReference; fileEncoding = 4; lastKnownFileType = sourcecode.c.h; path = NewspaperStore.h; sourceTree = "<group>"; };
		0169749A17D30F8D00973B1B /* NewspaperStore.m */ = {isa = PBXFileReference; fileEncoding = 4; lastKnownFileType = sourcecode.c.objc; path = NewspaperStore.m; sourceTree = "<group>"; };
		016974A517D3113700973B1B /* NewspaperArticle.h */ = {isa = PBXFileReference; fileEncoding = 4; lastKnownFileType = sourcecode.c.h; path = NewspaperArticle.h; sourceTree = "<group>"; };
		016974A617D3113700973B1B /* NewspaperArticle.m */ = {isa = PBXFileReference; fileEncoding = 4; lastKnownFileType = sourcecode.c.objc; path = NewspaperArticle.m; sourceTree = "<group>"; };
		016F9D7A17B94EDB00EC9060 /* NSDate+TwoWeeksAgo.h */ = {isa = PBXFileReference; fileEncoding = 4; lastKnownFileType = sourcecode.c.h; path = "NSDate+TwoWeeksAgo.h"; sourceTree = "<group>"; };
		016F9D7B17B94EDB00EC9060 /* NSDate+TwoWeeksAgo.m */ = {isa = PBXFileReference; fileEncoding = 4; lastKnownFileType = sourcecode.c.objc; path = "NSDate+TwoWeeksAgo.m"; sourceTree = "<group>"; };
		0171AEC117A6244700F3284C /* AnnouncementsTableViewController.h */ = {isa = PBXFileReference; fileEncoding = 4; lastKnownFileType = sourcecode.c.h; path = AnnouncementsTableViewController.h; sourceTree = "<group>"; };
		0171AEC217A6244700F3284C /* AnnouncementsTableViewController.m */ = {isa = PBXFileReference; fileEncoding = 4; lastKnownFileType = sourcecode.c.objc; path = AnnouncementsTableViewController.m; sourceTree = "<group>"; };
		0177454517A60AC3001625BF /* MyMaret.app */ = {isa = PBXFileReference; explicitFileType = wrapper.application; includeInIndex = 0; path = MyMaret.app; sourceTree = BUILT_PRODUCTS_DIR; };
		0177454817A60AC3001625BF /* Foundation.framework */ = {isa = PBXFileReference; lastKnownFileType = wrapper.framework; name = Foundation.framework; path = System/Library/Frameworks/Foundation.framework; sourceTree = SDKROOT; };
		0177454A17A60AC3001625BF /* CoreGraphics.framework */ = {isa = PBXFileReference; lastKnownFileType = wrapper.framework; name = CoreGraphics.framework; path = System/Library/Frameworks/CoreGraphics.framework; sourceTree = SDKROOT; };
		0177454C17A60AC3001625BF /* UIKit.framework */ = {isa = PBXFileReference; lastKnownFileType = wrapper.framework; name = UIKit.framework; path = System/Library/Frameworks/UIKit.framework; sourceTree = SDKROOT; };
		0177455017A60AC3001625BF /* MyMaret-Info.plist */ = {isa = PBXFileReference; lastKnownFileType = text.plist.xml; path = "MyMaret-Info.plist"; sourceTree = "<group>"; };
		0177455217A60AC3001625BF /* en */ = {isa = PBXFileReference; lastKnownFileType = text.plist.strings; name = en; path = en.lproj/InfoPlist.strings; sourceTree = "<group>"; };
		0177455417A60AC3001625BF /* main.m */ = {isa = PBXFileReference; lastKnownFileType = sourcecode.c.objc; path = main.m; sourceTree = "<group>"; };
		0177455617A60AC3001625BF /* MyMaret-Prefix.pch */ = {isa = PBXFileReference; lastKnownFileType = sourcecode.c.h; path = "MyMaret-Prefix.pch"; sourceTree = "<group>"; };
		0177455717A60AC3001625BF /* AppDelegate.h */ = {isa = PBXFileReference; lastKnownFileType = sourcecode.c.h; path = AppDelegate.h; sourceTree = "<group>"; };
		0177455817A60AC3001625BF /* AppDelegate.m */ = {isa = PBXFileReference; lastKnownFileType = sourcecode.c.objc; path = AppDelegate.m; sourceTree = "<group>"; };
		0177455B17A60AC3001625BF /* Base */ = {isa = PBXFileReference; lastKnownFileType = file.storyboard; name = Base; path = Base.lproj/Main.storyboard; sourceTree = "<group>"; };
		0177455D17A60AC3001625BF /* MainMenuViewController.h */ = {isa = PBXFileReference; lastKnownFileType = sourcecode.c.h; name = MainMenuViewController.h; path = ../MainMenuViewController.h; sourceTree = "<group>"; };
		0177455E17A60AC3001625BF /* MainMenuViewController.m */ = {isa = PBXFileReference; lastKnownFileType = sourcecode.c.objc; name = MainMenuViewController.m; path = ../MainMenuViewController.m; sourceTree = "<group>"; };
		0177456017A60AC3001625BF /* Images.xcassets */ = {isa = PBXFileReference; lastKnownFileType = folder.assetcatalog; path = Images.xcassets; sourceTree = "<group>"; };
		0177456717A60AC3001625BF /* XCTest.framework */ = {isa = PBXFileReference; lastKnownFileType = wrapper.framework; name = XCTest.framework; path = Library/Frameworks/XCTest.framework; sourceTree = DEVELOPER_DIR; };
		0177457E17A60B5E001625BF /* SWRevealViewController.h */ = {isa = PBXFileReference; fileEncoding = 4; lastKnownFileType = sourcecode.c.h; path = SWRevealViewController.h; sourceTree = "<group>"; };
		0177457F17A60B5E001625BF /* SWRevealViewController.m */ = {isa = PBXFileReference; fileEncoding = 4; lastKnownFileType = sourcecode.c.objc; path = SWRevealViewController.m; sourceTree = "<group>"; };
		017A96D917A7EB6C003D8A40 /* CalendarViewController.h */ = {isa = PBXFileReference; fileEncoding = 4; lastKnownFileType = sourcecode.c.h; path = CalendarViewController.h; sourceTree = "<group>"; };
		017A96DA17A7EB6C003D8A40 /* CalendarViewController.m */ = {isa = PBXFileReference; fileEncoding = 4; lastKnownFileType = sourcecode.c.objc; path = CalendarViewController.m; sourceTree = "<group>"; };
		017EE13C17D55F6C00AB41A1 /* ArticleDetailViewController.h */ = {isa = PBXFileReference; fileEncoding = 4; lastKnownFileType = sourcecode.c.h; path = ArticleDetailViewController.h; sourceTree = "<group>"; };
		017EE13D17D55F6C00AB41A1 /* ArticleDetailViewController.m */ = {isa = PBXFileReference; fileEncoding = 4; lastKnownFileType = sourcecode.c.objc; path = ArticleDetailViewController.m; sourceTree = "<group>"; };
		019054B517DD63F200B7982F /* TodayTableViewController.h */ = {isa = PBXFileReference; fileEncoding = 4; lastKnownFileType = sourcecode.c.h; path = TodayTableViewController.h; sourceTree = "<group>"; };
		019054B617DD63F200B7982F /* TodayTableViewController.m */ = {isa = PBXFileReference; fileEncoding = 4; lastKnownFileType = sourcecode.c.objc; path = TodayTableViewController.m; sourceTree = "<group>"; };
		0197389717C2C21100CB5221 /* AnnouncementDetailViewController.h */ = {isa = PBXFileReference; fileEncoding = 4; lastKnownFileType = sourcecode.c.h; path = AnnouncementDetailViewController.h; sourceTree = "<group>"; };
		0197389817C2C21100CB5221 /* AnnouncementDetailViewController.m */ = {isa = PBXFileReference; fileEncoding = 4; lastKnownFileType = sourcecode.c.objc; path = AnnouncementDetailViewController.m; sourceTree = "<group>"; };
		0197389A17C31F1800CB5221 /* MessageUI.framework */ = {isa = PBXFileReference; lastKnownFileType = wrapper.framework; name = MessageUI.framework; path = System/Library/Frameworks/MessageUI.framework; sourceTree = SDKROOT; };
		01A4FE1B17B97304007FAB5C /* MyMaret Tests.xctest */ = {isa = PBXFileReference; explicitFileType = wrapper.cfbundle; includeInIndex = 0; path = "MyMaret Tests.xctest"; sourceTree = BUILT_PRODUCTS_DIR; };
		01A4FE2117B97304007FAB5C /* MyMaret Tests-Info.plist */ = {isa = PBXFileReference; lastKnownFileType = text.plist.xml; path = "MyMaret Tests-Info.plist"; sourceTree = "<group>"; };
		01A4FE2317B97304007FAB5C /* en */ = {isa = PBXFileReference; lastKnownFileType = text.plist.strings; name = en; path = en.lproj/InfoPlist.strings; sourceTree = "<group>"; };
		01A4FE2517B97304007FAB5C /* MyMaret_Tests.m */ = {isa = PBXFileReference; lastKnownFileType = sourcecode.c.objc; path = MyMaret_Tests.m; sourceTree = "<group>"; };
		01A4FE2717B97304007FAB5C /* MyMaret Tests-Prefix.pch */ = {isa = PBXFileReference; lastKnownFileType = sourcecode.c.h; path = "MyMaret Tests-Prefix.pch"; sourceTree = "<group>"; };
		01A4FE3317B97C08007FAB5C /* UIColor+SchoolColor.h */ = {isa = PBXFileReference; fileEncoding = 4; lastKnownFileType = sourcecode.c.h; path = "UIColor+SchoolColor.h"; sourceTree = "<group>"; };
		01A4FE3417B97C08007FAB5C /* UIColor+SchoolColor.m */ = {isa = PBXFileReference; fileEncoding = 4; lastKnownFileType = sourcecode.c.objc; path = "UIColor+SchoolColor.m"; sourceTree = "<group>"; };
		01ACC11D17D5020D008893ED /* SectionHeaderView.xib */ = {isa = PBXFileReference; fileEncoding = 4; lastKnownFileType = file.xib; path = SectionHeaderView.xib; sourceTree = "<group>"; };
		01B0BB9317ACA6FA0035B3FE /* Parse.framework */ = {isa = PBXFileReference; lastKnownFileType = wrapper.framework; path = Parse.framework; sourceTree = "<group>"; };
		01B0BB9617ACA7440035B3FE /* AudioToolbox.framework */ = {isa = PBXFileReference; lastKnownFileType = wrapper.framework; name = AudioToolbox.framework; path = System/Library/Frameworks/AudioToolbox.framework; sourceTree = SDKROOT; };
		01B0BB9817ACA74C0035B3FE /* CFNetwork.framework */ = {isa = PBXFileReference; lastKnownFileType = wrapper.framework; name = CFNetwork.framework; path = System/Library/Frameworks/CFNetwork.framework; sourceTree = SDKROOT; };
		01B0BB9B17ACA7640035B3FE /* CoreLocation.framework */ = {isa = PBXFileReference; lastKnownFileType = wrapper.framework; name = CoreLocation.framework; path = System/Library/Frameworks/CoreLocation.framework; sourceTree = SDKROOT; };
		01B0BB9D17ACA7710035B3FE /* libz.1.1.3.dylib */ = {isa = PBXFileReference; lastKnownFileType = "compiled.mach-o.dylib"; name = libz.1.1.3.dylib; path = usr/lib/libz.1.1.3.dylib; sourceTree = SDKROOT; };
		01B0BB9F17ACA7790035B3FE /* MobileCoreServices.framework */ = {isa = PBXFileReference; lastKnownFileType = wrapper.framework; name = MobileCoreServices.framework; path = System/Library/Frameworks/MobileCoreServices.framework; sourceTree = SDKROOT; };
		01B0BBA117ACA7810035B3FE /* QuartzCore.framework */ = {isa = PBXFileReference; lastKnownFileType = wrapper.framework; name = QuartzCore.framework; path = System/Library/Frameworks/QuartzCore.framework; sourceTree = SDKROOT; };
		01B0BBA317ACA78A0035B3FE /* Security.framework */ = {isa = PBXFileReference; lastKnownFileType = wrapper.framework; name = Security.framework; path = System/Library/Frameworks/Security.framework; sourceTree = SDKROOT; };
		01B0BBA717ACA7980035B3FE /* SystemConfiguration.framework */ = {isa = PBXFileReference; lastKnownFileType = wrapper.framework; name = SystemConfiguration.framework; path = System/Library/Frameworks/SystemConfiguration.framework; sourceTree = SDKROOT; };
		01BD435B17C9BB22005EF174 /* AnnouncementCell.xib */ = {isa = PBXFileReference; fileEncoding = 4; lastKnownFileType = file.xib; path = AnnouncementCell.xib; sourceTree = "<group>"; };
		01BF139617A89A3B00731690 /* AnnouncementsStore.h */ = {isa = PBXFileReference; fileEncoding = 4; lastKnownFileType = sourcecode.c.h; path = AnnouncementsStore.h; sourceTree = "<group>"; };
		01BF139717A89A3B00731690 /* AnnouncementsStore.m */ = {isa = PBXFileReference; fileEncoding = 4; lastKnownFileType = sourcecode.c.objc; path = AnnouncementsStore.m; sourceTree = "<group>"; };
		01BF139B17A89B8500731690 /* AnnouncementsCDModel.xcdatamodel */ = {isa = PBXFileReference; lastKnownFileType = wrapper.xcdatamodel; path = AnnouncementsCDModel.xcdatamodel; sourceTree = "<group>"; };
		01BF139E17A89F7D00731690 /* Announcement.h */ = {isa = PBXFileReference; fileEncoding = 4; lastKnownFileType = sourcecode.c.h; path = Announcement.h; sourceTree = "<group>"; };
		01BF139F17A89F7D00731690 /* Announcement.m */ = {isa = PBXFileReference; fileEncoding = 4; lastKnownFileType = sourcecode.c.objc; path = Announcement.m; sourceTree = "<group>"; };
		01DAA6AE17A7041E00B23BB2 /* MyMaretFrontTableViewController.h */ = {isa = PBXFileReference; fileEncoding = 4; lastKnownFileType = sourcecode.c.h; name = MyMaretFrontTableViewController.h; path = ../MyMaretFrontTableViewController.h; sourceTree = "<group>"; };
		01DAA6AF17A7041E00B23BB2 /* MyMaretFrontTableViewController.m */ = {isa = PBXFileReference; fileEncoding = 4; lastKnownFileType = sourcecode.c.objc; name = MyMaretFrontTableViewController.m; path = ../MyMaretFrontTableViewController.m; sourceTree = "<group>"; };
		01DAA6B717A70A1B00B23BB2 /* NewspaperTableViewController.h */ = {isa = PBXFileReference; fileEncoding = 4; lastKnownFileType = sourcecode.c.h; path = NewspaperTableViewController.h; sourceTree = "<group>"; };
		01DAA6B817A70A1B00B23BB2 /* NewspaperTableViewController.m */ = {isa = PBXFileReference; fileEncoding = 4; lastKnownFileType = sourcecode.c.objc; path = NewspaperTableViewController.m; sourceTree = "<group>"; };
		01DAA6BC17A70A4700B23BB2 /* ClassScheduleTableViewController.h */ = {isa = PBXFileReference; fileEncoding = 4; lastKnownFileType = sourcecode.c.h; path = ClassScheduleTableViewController.h; sourceTree = "<group>"; };
		01DAA6BD17A70A4700B23BB2 /* ClassScheduleTableViewController.m */ = {isa = PBXFileReference; fileEncoding = 4; lastKnownFileType = sourcecode.c.objc; path = ClassScheduleTableViewController.m; sourceTree = "<group>"; };
		01DAA6C117A70A6800B23BB2 /* AssignmentBookCollectionViewController.h */ = {isa = PBXFileReference; fileEncoding = 4; lastKnownFileType = sourcecode.c.h; path = AssignmentBookCollectionViewController.h; sourceTree = "<group>"; };
		01DAA6C217A70A6800B23BB2 /* AssignmentBookCollectionViewController.m */ = {isa = PBXFileReference; fileEncoding = 4; lastKnownFileType = sourcecode.c.objc; path = AssignmentBookCollectionViewController.m; sourceTree = "<group>"; };
		01DAA6C617A70ABF00B23BB2 /* SettingsTableViewController.h */ = {isa = PBXFileReference; fileEncoding = 4; lastKnownFileType = sourcecode.c.h; path = SettingsTableViewController.h; sourceTree = "<group>"; };
		01DAA6C717A70ABF00B23BB2 /* SettingsTableViewController.m */ = {isa = PBXFileReference; fileEncoding = 4; lastKnownFileType = sourcecode.c.objc; path = SettingsTableViewController.m; sourceTree = "<group>"; };
/* End PBXFileReference section */

/* Begin PBXFrameworksBuildPhase section */
		0177454217A60AC2001625BF /* Frameworks */ = {
			isa = PBXFrameworksBuildPhase;
			buildActionMask = 2147483647;
			files = (
				0197389B17C31F1800CB5221 /* MessageUI.framework in Frameworks */,
				01B0BB9A17ACA7540035B3FE /* AudioToolbox.framework in Frameworks */,
				01B0BB9917ACA74C0035B3FE /* CFNetwork.framework in Frameworks */,
				0177454B17A60AC3001625BF /* CoreGraphics.framework in Frameworks */,
				01B0BB9C17ACA7640035B3FE /* CoreLocation.framework in Frameworks */,
				01B0BB9E17ACA7710035B3FE /* libz.1.1.3.dylib in Frameworks */,
				01B0BBA017ACA7790035B3FE /* MobileCoreServices.framework in Frameworks */,
				01B0BBA217ACA7810035B3FE /* QuartzCore.framework in Frameworks */,
				01B0BBA417ACA78A0035B3FE /* Security.framework in Frameworks */,
				01B0BBA817ACA7980035B3FE /* SystemConfiguration.framework in Frameworks */,
				0177454D17A60AC3001625BF /* UIKit.framework in Frameworks */,
				01B0BB9417ACA6FA0035B3FE /* Parse.framework in Frameworks */,
				0177454917A60AC3001625BF /* Foundation.framework in Frameworks */,
			);
			runOnlyForDeploymentPostprocessing = 0;
		};
		01A4FE1817B97304007FAB5C /* Frameworks */ = {
			isa = PBXFrameworksBuildPhase;
			buildActionMask = 2147483647;
			files = (
				01A4FE1C17B97304007FAB5C /* XCTest.framework in Frameworks */,
				01A4FE1E17B97304007FAB5C /* UIKit.framework in Frameworks */,
				01A4FE1D17B97304007FAB5C /* Foundation.framework in Frameworks */,
			);
			runOnlyForDeploymentPostprocessing = 0;
		};
/* End PBXFrameworksBuildPhase section */

/* Begin PBXGroup section */
		0107E01D17CBC9680099E4E4 /* Google Authentication */ = {
			isa = PBXGroup;
			children = (
				010BC6A217CBB7E90043B9C4 /* GTMOAuth2ViewControllerTouch.h */,
				010BC6A317CBB7E90043B9C4 /* GTMOAuth2ViewControllerTouch.m */,
				010BC6A417CBB7E90043B9C4 /* GTMOAuth2ViewTouch.xib */,
				0107E01817CBC8E60099E4E4 /* GTMOAuth2Authentication.m */,
				0107E01717CBC8E60099E4E4 /* GTMOAuth2Authentication.h */,
				0107E01A17CBC9430099E4E4 /* GTMHTTPFetcher.h */,
				0107E01B17CBC9430099E4E4 /* GTMHTTPFetcher.m */,
				0107E01E17CBC9940099E4E4 /* GTMOAuth2SignIn.h */,
				0107E01F17CBC9940099E4E4 /* GTMOAuth2SignIn.m */,
			);
			name = "Google Authentication";
			sourceTree = "<group>";
		};
		0177453C17A60AC2001625BF = {
			isa = PBXGroup;
			children = (
				0177454E17A60AC3001625BF /* MyMaret */,
				01A4FE1F17B97304007FAB5C /* MyMaret Tests */,
				0177454717A60AC3001625BF /* Frameworks */,
				0177454617A60AC3001625BF /* Products */,
			);
			sourceTree = "<group>";
		};
		0177454617A60AC3001625BF /* Products */ = {
			isa = PBXGroup;
			children = (
				0177454517A60AC3001625BF /* MyMaret.app */,
				01A4FE1B17B97304007FAB5C /* MyMaret Tests.xctest */,
			);
			name = Products;
			sourceTree = "<group>";
		};
		0177454717A60AC3001625BF /* Frameworks */ = {
			isa = PBXGroup;
			children = (
				0197389A17C31F1800CB5221 /* MessageUI.framework */,
				01B0BBA717ACA7980035B3FE /* SystemConfiguration.framework */,
				01B0BBA317ACA78A0035B3FE /* Security.framework */,
				01B0BBA117ACA7810035B3FE /* QuartzCore.framework */,
				01B0BB9F17ACA7790035B3FE /* MobileCoreServices.framework */,
				01B0BB9D17ACA7710035B3FE /* libz.1.1.3.dylib */,
				01B0BB9B17ACA7640035B3FE /* CoreLocation.framework */,
				01B0BB9817ACA74C0035B3FE /* CFNetwork.framework */,
				01B0BB9617ACA7440035B3FE /* AudioToolbox.framework */,
				01B0BB9317ACA6FA0035B3FE /* Parse.framework */,
				0177454817A60AC3001625BF /* Foundation.framework */,
				0177454A17A60AC3001625BF /* CoreGraphics.framework */,
				0177454C17A60AC3001625BF /* UIKit.framework */,
				0177456717A60AC3001625BF /* XCTest.framework */,
			);
			name = Frameworks;
			sourceTree = "<group>";
		};
		0177454E17A60AC3001625BF /* MyMaret */ = {
			isa = PBXGroup;
			children = (
				0177455717A60AC3001625BF /* AppDelegate.h */,
				0177455817A60AC3001625BF /* AppDelegate.m */,
				0177455A17A60AC3001625BF /* Main.storyboard */,
				01DAA6AD17A7031800B23BB2 /* Today */,
				01DAA6A817A7002600B23BB2 /* Announcements */,
				01DAA6B617A709FA00B23BB2 /* Calendar */,
				01DAA6BB17A70A2400B23BB2 /* Newspaper */,
				01DAA6C017A70A4B00B23BB2 /* Class Schedule */,
				01DAA6C517A70A6D00B23BB2 /* Assignment Book */,
				01DAA6CA17A70AC200B23BB2 /* Settings */,
				0177457D17A60B5E001625BF /* Core View Controllers */,
				0177456017A60AC3001625BF /* Images.xcassets */,
				0177454F17A60AC3001625BF /* Supporting Files */,
			);
			path = MyMaret;
			sourceTree = "<group>";
		};
		0177454F17A60AC3001625BF /* Supporting Files */ = {
			isa = PBXGroup;
			children = (
				0107E01D17CBC9680099E4E4 /* Google Authentication */,
				016F9D7A17B94EDB00EC9060 /* NSDate+TwoWeeksAgo.h */,
				016F9D7B17B94EDB00EC9060 /* NSDate+TwoWeeksAgo.m */,
				01A4FE3317B97C08007FAB5C /* UIColor+SchoolColor.h */,
				01A4FE3417B97C08007FAB5C /* UIColor+SchoolColor.m */,
				016780D917A6DBD3009AB9FA /* UIApplication+iOSVersionChecker.h */,
				016780DA17A6DBD3009AB9FA /* UIApplication+iOSVersionChecker.m */,
				013BB66C17CAEBB100B0E881 /* UIApplication+HasNetworkConnection.h */,
				013BB66D17CAEBB100B0E881 /* UIApplication+HasNetworkConnection.m */,
				0169749817D2D70000973B1B /* PushNotificationUpdateable.h */,
				0177455017A60AC3001625BF /* MyMaret-Info.plist */,
				0177455117A60AC3001625BF /* InfoPlist.strings */,
				0177455417A60AC3001625BF /* main.m */,
				0177455617A60AC3001625BF /* MyMaret-Prefix.pch */,
			);
			name = "Supporting Files";
			sourceTree = "<group>";
		};
		0177457D17A60B5E001625BF /* Core View Controllers */ = {
			isa = PBXGroup;
			children = (
				0177455D17A60AC3001625BF /* MainMenuViewController.h */,
				0177455E17A60AC3001625BF /* MainMenuViewController.m */,
				01271A1117C9CB2E003C487C /* MainMenuBackgroundView.xib */,
				01DAA6AE17A7041E00B23BB2 /* MyMaretFrontTableViewController.h */,
				01DAA6AF17A7041E00B23BB2 /* MyMaretFrontTableViewController.m */,
				0169749217D2D38900973B1B /* MyMaretFrontViewController.h */,
				0169749317D2D38900973B1B /* MyMaretFrontViewController.m */,
				0169749517D2D49800973B1B /* MyMaretFrontCollectionViewController.h */,
				0169749617D2D49800973B1B /* MyMaretFrontCollectionViewController.m */,
				0177457E17A60B5E001625BF /* SWRevealViewController.h */,
				0177457F17A60B5E001625BF /* SWRevealViewController.m */,
				0107E02117CBE1840099E4E4 /* LoginViewController.h */,
				0107E02217CBE1840099E4E4 /* LoginViewController.m */,
				0107E02817CC13D40099E4E4 /* WelcomeViewController.h */,
				0107E02917CC13D40099E4E4 /* WelcomeViewController.m */,
				0124412517D056260091C01E /* WelcomeView.xib */,
			);
			name = "Core View Controllers";
			path = SWRevealViewController;
			sourceTree = "<group>";
		};
		01A4FE1F17B97304007FAB5C /* MyMaret Tests */ = {
			isa = PBXGroup;
			children = (
				01A4FE2517B97304007FAB5C /* MyMaret_Tests.m */,
				01A4FE2017B97304007FAB5C /* Supporting Files */,
			);
			path = "MyMaret Tests";
			sourceTree = "<group>";
		};
		01A4FE2017B97304007FAB5C /* Supporting Files */ = {
			isa = PBXGroup;
			children = (
				01A4FE2117B97304007FAB5C /* MyMaret Tests-Info.plist */,
				01A4FE2217B97304007FAB5C /* InfoPlist.strings */,
				01A4FE2717B97304007FAB5C /* MyMaret Tests-Prefix.pch */,
			);
			name = "Supporting Files";
			sourceTree = "<group>";
		};
		01DAA6A817A7002600B23BB2 /* Announcements */ = {
			isa = PBXGroup;
			children = (
				0171AEC117A6244700F3284C /* AnnouncementsTableViewController.h */,
				0171AEC217A6244700F3284C /* AnnouncementsTableViewController.m */,
				0197389717C2C21100CB5221 /* AnnouncementDetailViewController.h */,
				0197389817C2C21100CB5221 /* AnnouncementDetailViewController.m */,
				0125F75A17BB1C750042EB6F /* AnnouncementCell.h */,
				0125F75B17BB1C750042EB6F /* AnnouncementCell.m */,
				01BD435B17C9BB22005EF174 /* AnnouncementCell.xib */,
				01BF139617A89A3B00731690 /* AnnouncementsStore.h */,
				01BF139717A89A3B00731690 /* AnnouncementsStore.m */,
				01BF139E17A89F7D00731690 /* Announcement.h */,
				01BF139F17A89F7D00731690 /* Announcement.m */,
				01BF139A17A89B8500731690 /* AnnouncementsCDModel.xcdatamodeld */,
				0113854E17C1D97700F8A965 /* AnnouncementCreationTitleViewController.h */,
				0113854F17C1D97700F8A965 /* AnnouncementCreationTitleViewController.m */,
				0113855117C1DA2500F8A965 /* AnnouncementCreationBodyViewController.h */,
				0113855217C1DA2500F8A965 /* AnnouncementCreationBodyViewController.m */,
			);
			name = Announcements;
			sourceTree = "<group>";
		};
		01DAA6AD17A7031800B23BB2 /* Today */ = {
			isa = PBXGroup;
			children = (
				019054B517DD63F200B7982F /* TodayTableViewController.h */,
				019054B617DD63F200B7982F /* TodayTableViewController.m */,
			);
			name = Today;
			sourceTree = "<group>";
		};
		01DAA6B617A709FA00B23BB2 /* Calendar */ = {
			isa = PBXGroup;
			children = (
				017A96D917A7EB6C003D8A40 /* CalendarViewController.h */,
				017A96DA17A7EB6C003D8A40 /* CalendarViewController.m */,
			);
			name = Calendar;
			sourceTree = "<group>";
		};
		01DAA6BB17A70A2400B23BB2 /* Newspaper */ = {
			isa = PBXGroup;
			children = (
				01DAA6B717A70A1B00B23BB2 /* NewspaperTableViewController.h */,
				01DAA6B817A70A1B00B23BB2 /* NewspaperTableViewController.m */,
				01ACC11D17D5020D008893ED /* SectionHeaderView.xib */,
				015191FD17D545CA0073AAEC /* NewspaperCell.h */,
				015191FE17D545CA0073AAEC /* NewspaperCell.m */,
				0151920017D545D50073AAEC /* NewspaperCell.xib */,
				017EE13C17D55F6C00AB41A1 /* ArticleDetailViewController.h */,
				017EE13D17D55F6C00AB41A1 /* ArticleDetailViewController.m */,
				0169749917D30F8D00973B1B /* NewspaperStore.h */,
				0169749A17D30F8D00973B1B /* NewspaperStore.m */,
				016974A517D3113700973B1B /* NewspaperArticle.h */,
				016974A617D3113700973B1B /* NewspaperArticle.m */,
			);
			name = Newspaper;
			sourceTree = "<group>";
		};
		01DAA6C017A70A4B00B23BB2 /* Class Schedule */ = {
			isa = PBXGroup;
			children = (
				01DAA6BC17A70A4700B23BB2 /* ClassScheduleTableViewController.h */,
				01DAA6BD17A70A4700B23BB2 /* ClassScheduleTableViewController.m */,
				01176FD617DC333600DFF2EA /* SchoolClassCell.h */,
				01176FD717DC333600DFF2EA /* SchoolClassCell.m */,
				01176FDA17DC3C3E00DFF2EA /* SchoolClassEditTableViewController.h */,
				01176FDB17DC3C3E00DFF2EA /* SchoolClassEditTableViewController.m */,
				01176FE517DC621D00DFF2EA /* SchoolClassNameEditCell.h */,
				01176FE617DC621D00DFF2EA /* SchoolClassNameEditCell.m */,
				01176FED17DC64F100DFF2EA /* SchoolClassTimeCell.h */,
				01176FEE17DC64F100DFF2EA /* SchoolClassTimeCell.m */,
				01176FDE17DC465900DFF2EA /* SchoolClassTimeEditCell.h */,
				01176FDF17DC465900DFF2EA /* SchoolClassTimeEditCell.m */,
				01176FCB17DBE0DB00DFF2EA /* ClassScheduleStore.h */,
				01176FCC17DBE0DB00DFF2EA /* ClassScheduleStore.m */,
				01176FD217DC122F00DFF2EA /* SchoolClass.h */,
				01176FD317DC122F00DFF2EA /* SchoolClass.m */,
			);
			name = "Class Schedule";
			sourceTree = "<group>";
		};
		01DAA6C517A70A6D00B23BB2 /* Assignment Book */ = {
			isa = PBXGroup;
			children = (
				01DAA6C117A70A6800B23BB2 /* AssignmentBookCollectionViewController.h */,
				01DAA6C217A70A6800B23BB2 /* AssignmentBookCollectionViewController.m */,
			);
			name = "Assignment Book";
			sourceTree = "<group>";
		};
		01DAA6CA17A70AC200B23BB2 /* Settings */ = {
			isa = PBXGroup;
			children = (
				01DAA6C617A70ABF00B23BB2 /* SettingsTableViewController.h */,
				01DAA6C717A70ABF00B23BB2 /* SettingsTableViewController.m */,
			);
			name = Settings;
			sourceTree = "<group>";
		};
/* End PBXGroup section */

/* Begin PBXNativeTarget section */
		0177454417A60AC2001625BF /* MyMaret */ = {
			isa = PBXNativeTarget;
			buildConfigurationList = 0177457717A60AC3001625BF /* Build configuration list for PBXNativeTarget "MyMaret" */;
			buildPhases = (
				0177454117A60AC2001625BF /* Sources */,
				0177454217A60AC2001625BF /* Frameworks */,
				0177454317A60AC2001625BF /* Resources */,
			);
			buildRules = (
			);
			dependencies = (
			);
			name = MyMaret;
			productName = MyMaret;
			productReference = 0177454517A60AC3001625BF /* MyMaret.app */;
			productType = "com.apple.product-type.application";
		};
		01A4FE1A17B97304007FAB5C /* MyMaret Tests */ = {
			isa = PBXNativeTarget;
			buildConfigurationList = 01A4FE2A17B97304007FAB5C /* Build configuration list for PBXNativeTarget "MyMaret Tests" */;
			buildPhases = (
				01A4FE1717B97304007FAB5C /* Sources */,
				01A4FE1817B97304007FAB5C /* Frameworks */,
				01A4FE1917B97304007FAB5C /* Resources */,
			);
			buildRules = (
			);
			dependencies = (
				01A4FE2917B97304007FAB5C /* PBXTargetDependency */,
			);
			name = "MyMaret Tests";
			productName = "MyMaret Tests";
			productReference = 01A4FE1B17B97304007FAB5C /* MyMaret Tests.xctest */;
			productType = "com.apple.product-type.bundle.unit-test";
		};
/* End PBXNativeTarget section */

/* Begin PBXProject section */
		0177453D17A60AC2001625BF /* Project object */ = {
			isa = PBXProject;
			attributes = {
				LastUpgradeCheck = 0500;
				ORGANIZATIONNAME = Nick;
				TargetAttributes = {
					0177454417A60AC2001625BF = {
						DevelopmentTeam = Z8H8DCBR78;
						SystemCapabilities = {
							com.apple.BackgroundModes = {
								enabled = 1;
							};
							com.apple.InAppPurchase = {
								enabled = 0;
							};
						};
					};
					01A4FE1A17B97304007FAB5C = {
						TestTargetID = 0177454417A60AC2001625BF;
					};
				};
			};
			buildConfigurationList = 0177454017A60AC2001625BF /* Build configuration list for PBXProject "MyMaret" */;
			compatibilityVersion = "Xcode 3.2";
			developmentRegion = English;
			hasScannedForEncodings = 0;
			knownRegions = (
				en,
				Base,
			);
			mainGroup = 0177453C17A60AC2001625BF;
			productRefGroup = 0177454617A60AC3001625BF /* Products */;
			projectDirPath = "";
			projectRoot = "";
			targets = (
				0177454417A60AC2001625BF /* MyMaret */,
				01A4FE1A17B97304007FAB5C /* MyMaret Tests */,
			);
		};
/* End PBXProject section */

/* Begin PBXResourcesBuildPhase section */
		0177454317A60AC2001625BF /* Resources */ = {
			isa = PBXResourcesBuildPhase;
			buildActionMask = 2147483647;
			files = (
				010BC6A617CBB7E90043B9C4 /* GTMOAuth2ViewTouch.xib in Resources */,
				01BD435C17C9BB22005EF174 /* AnnouncementCell.xib in Resources */,
				0177456117A60AC3001625BF /* Images.xcassets in Resources */,
				0124412617D056260091C01E /* WelcomeView.xib in Resources */,
				0177455317A60AC3001625BF /* InfoPlist.strings in Resources */,
				01271A1217C9CB2E003C487C /* MainMenuBackgroundView.xib in Resources */,
				0177455C17A60AC3001625BF /* Main.storyboard in Resources */,
				01ACC11E17D5020D008893ED /* SectionHeaderView.xib in Resources */,
				0151920117D545D50073AAEC /* NewspaperCell.xib in Resources */,
			);
			runOnlyForDeploymentPostprocessing = 0;
		};
		01A4FE1917B97304007FAB5C /* Resources */ = {
			isa = PBXResourcesBuildPhase;
			buildActionMask = 2147483647;
			files = (
				01A4FE2417B97304007FAB5C /* InfoPlist.strings in Resources */,
			);
			runOnlyForDeploymentPostprocessing = 0;
		};
/* End PBXResourcesBuildPhase section */

/* Begin PBXSourcesBuildPhase section */
		0177454117A60AC2001625BF /* Sources */ = {
			isa = PBXSourcesBuildPhase;
			buildActionMask = 2147483647;
			files = (
				0107E02017CBC9940099E4E4 /* GTMOAuth2SignIn.m in Sources */,
				01A4FE3517B97C08007FAB5C /* UIColor+SchoolColor.m in Sources */,
				0113855317C1DA2500F8A965 /* AnnouncementCreationBodyViewController.m in Sources */,
				0107E02317CBE1840099E4E4 /* LoginViewController.m in Sources */,
				016F9D7C17B94EDB00EC9060 /* NSDate+TwoWeeksAgo.m in Sources */,
				019054B717DD63F200B7982F /* TodayTableViewController.m in Sources */,
				01DAA6C317A70A6800B23BB2 /* AssignmentBookCollectionViewController.m in Sources */,
				01BF139817A89A3B00731690 /* AnnouncementsStore.m in Sources */,
				010BC6A517CBB7E90043B9C4 /* GTMOAuth2ViewControllerTouch.m in Sources */,
				0177455F17A60AC3001625BF /* MainMenuViewController.m in Sources */,
				013BB66E17CAEBB100B0E881 /* UIApplication+HasNetworkConnection.m in Sources */,
				01176FCD17DBE0DB00DFF2EA /* ClassScheduleStore.m in Sources */,
				01176FDC17DC3C3E00DFF2EA /* SchoolClassEditTableViewController.m in Sources */,
				01BF13A017A89F7D00731690 /* Announcement.m in Sources */,
				01176FE717DC621D00DFF2EA /* SchoolClassNameEditCell.m in Sources */,
				01DAA6BE17A70A4700B23BB2 /* ClassScheduleTableViewController.m in Sources */,
				0169749B17D30F8D00973B1B /* NewspaperStore.m in Sources */,
				016974A717D3113700973B1B /* NewspaperArticle.m in Sources */,
				01176FD817DC333600DFF2EA /* SchoolClassCell.m in Sources */,
				0125F75C17BB1C750042EB6F /* AnnouncementCell.m in Sources */,
				017EE13E17D55F6C00AB41A1 /* ArticleDetailViewController.m in Sources */,
				0169749417D2D38900973B1B /* MyMaretFrontViewController.m in Sources */,
				0169749717D2D49800973B1B /* MyMaretFrontCollectionViewController.m in Sources */,
				0197389917C2C21100CB5221 /* AnnouncementDetailViewController.m in Sources */,
				01176FE017DC465900DFF2EA /* SchoolClassTimeEditCell.m in Sources */,
				01DAA6B017A7041E00B23BB2 /* MyMaretFrontTableViewController.m in Sources */,
				017A96DB17A7EB6C003D8A40 /* CalendarViewController.m in Sources */,
				0177455917A60AC3001625BF /* AppDelegate.m in Sources */,
				0113855017C1D97700F8A965 /* AnnouncementCreationTitleViewController.m in Sources */,
				0171AEC317A6244700F3284C /* AnnouncementsTableViewController.m in Sources */,
				01DAA6C817A70ABF00B23BB2 /* SettingsTableViewController.m in Sources */,
				01BF139C17A89B8500731690 /* AnnouncementsCDModel.xcdatamodeld in Sources */,
				0177455517A60AC3001625BF /* main.m in Sources */,
				0107E02A17CC13D40099E4E4 /* WelcomeViewController.m in Sources */,
				01DAA6B917A70A1B00B23BB2 /* NewspaperTableViewController.m in Sources */,
				01176FD417DC122F00DFF2EA /* SchoolClass.m in Sources */,
				0107E01917CBC8E60099E4E4 /* GTMOAuth2Authentication.m in Sources */,
				016780DB17A6DBD3009AB9FA /* UIApplication+iOSVersionChecker.m in Sources */,
				015191FF17D545CA0073AAEC /* NewspaperCell.m in Sources */,
				0107E01C17CBC9430099E4E4 /* GTMHTTPFetcher.m in Sources */,
				01176FEF17DC64F100DFF2EA /* SchoolClassTimeCell.m in Sources */,
				0177458017A60B5E001625BF /* SWRevealViewController.m in Sources */,
			);
			runOnlyForDeploymentPostprocessing = 0;
		};
		01A4FE1717B97304007FAB5C /* Sources */ = {
			isa = PBXSourcesBuildPhase;
			buildActionMask = 2147483647;
			files = (
				01176FF017DC64F100DFF2EA /* SchoolClassTimeCell.m in Sources */,
				01176FD517DC122F00DFF2EA /* SchoolClass.m in Sources */,
				01A4FE2617B97304007FAB5C /* MyMaret_Tests.m in Sources */,
				016974A817D3113700973B1B /* NewspaperArticle.m in Sources */,
				0169749C17D30F8D00973B1B /* NewspaperStore.m in Sources */,
				01176FDD17DC3C3E00DFF2EA /* SchoolClassEditTableViewController.m in Sources */,
				01176FD917DC333600DFF2EA /* SchoolClassCell.m in Sources */,
				01176FCE17DBE0DB00DFF2EA /* ClassScheduleStore.m in Sources */,
				01176FE117DC465900DFF2EA /* SchoolClassTimeEditCell.m in Sources */,
				01176FE817DC621D00DFF2EA /* SchoolClassNameEditCell.m in Sources */,
			);
			runOnlyForDeploymentPostprocessing = 0;
		};
/* End PBXSourcesBuildPhase section */

/* Begin PBXTargetDependency section */
		01A4FE2917B97304007FAB5C /* PBXTargetDependency */ = {
			isa = PBXTargetDependency;
			target = 0177454417A60AC2001625BF /* MyMaret */;
			targetProxy = 01A4FE2817B97304007FAB5C /* PBXContainerItemProxy */;
		};
/* End PBXTargetDependency section */

/* Begin PBXVariantGroup section */
		0177455117A60AC3001625BF /* InfoPlist.strings */ = {
			isa = PBXVariantGroup;
			children = (
				0177455217A60AC3001625BF /* en */,
			);
			name = InfoPlist.strings;
			sourceTree = "<group>";
		};
		0177455A17A60AC3001625BF /* Main.storyboard */ = {
			isa = PBXVariantGroup;
			children = (
				0177455B17A60AC3001625BF /* Base */,
			);
			name = Main.storyboard;
			sourceTree = "<group>";
		};
		01A4FE2217B97304007FAB5C /* InfoPlist.strings */ = {
			isa = PBXVariantGroup;
			children = (
				01A4FE2317B97304007FAB5C /* en */,
			);
			name = InfoPlist.strings;
			sourceTree = "<group>";
		};
/* End PBXVariantGroup section */

/* Begin XCBuildConfiguration section */
		0177457517A60AC3001625BF /* Debug */ = {
			isa = XCBuildConfiguration;
			buildSettings = {
				ALWAYS_SEARCH_USER_PATHS = NO;
				CLANG_CXX_LANGUAGE_STANDARD = "gnu++0x";
				CLANG_CXX_LIBRARY = "libc++";
				CLANG_ENABLE_MODULES = YES;
				CLANG_ENABLE_OBJC_ARC = YES;
				CLANG_WARN_BOOL_CONVERSION = YES;
				CLANG_WARN_CONSTANT_CONVERSION = YES;
				CLANG_WARN_DIRECT_OBJC_ISA_USAGE = YES_ERROR;
				CLANG_WARN_EMPTY_BODY = YES;
				CLANG_WARN_ENUM_CONVERSION = YES;
				CLANG_WARN_INT_CONVERSION = YES;
				CLANG_WARN_OBJC_ROOT_CLASS = YES_ERROR;
				CLANG_WARN__DUPLICATE_METHOD_MATCH = YES;
				CODE_SIGN_IDENTITY = "iPhone Developer";
				"CODE_SIGN_IDENTITY[sdk=iphoneos*]" = "iPhone Developer";
				COPY_PHASE_STRIP = NO;
				GCC_C_LANGUAGE_STANDARD = gnu99;
				GCC_DYNAMIC_NO_PIC = NO;
				GCC_OPTIMIZATION_LEVEL = 0;
				GCC_PREPROCESSOR_DEFINITIONS = (
					"DEBUG=1",
					"$(inherited)",
				);
				GCC_SYMBOLS_PRIVATE_EXTERN = NO;
				GCC_WARN_ABOUT_RETURN_TYPE = YES_ERROR;
				GCC_WARN_UNDECLARED_SELECTOR = YES;
				GCC_WARN_UNINITIALIZED_AUTOS = YES;
				GCC_WARN_UNUSED_FUNCTION = YES;
				GCC_WARN_UNUSED_VARIABLE = YES;
				IPHONEOS_DEPLOYMENT_TARGET = 6.0;
				ONLY_ACTIVE_ARCH = YES;
				PROVISIONING_PROFILE = "AF303C56-429B-4158-835E-0453F313F97D";
				SDKROOT = iphoneos;
			};
			name = Debug;
		};
		0177457617A60AC3001625BF /* Release */ = {
			isa = XCBuildConfiguration;
			buildSettings = {
				ALWAYS_SEARCH_USER_PATHS = NO;
				CLANG_CXX_LANGUAGE_STANDARD = "gnu++0x";
				CLANG_CXX_LIBRARY = "libc++";
				CLANG_ENABLE_MODULES = YES;
				CLANG_ENABLE_OBJC_ARC = YES;
				CLANG_WARN_BOOL_CONVERSION = YES;
				CLANG_WARN_CONSTANT_CONVERSION = YES;
				CLANG_WARN_DIRECT_OBJC_ISA_USAGE = YES_ERROR;
				CLANG_WARN_EMPTY_BODY = YES;
				CLANG_WARN_ENUM_CONVERSION = YES;
				CLANG_WARN_INT_CONVERSION = YES;
				CLANG_WARN_OBJC_ROOT_CLASS = YES_ERROR;
				CLANG_WARN__DUPLICATE_METHOD_MATCH = YES;
				CODE_SIGN_IDENTITY = "iPhone Developer";
				"CODE_SIGN_IDENTITY[sdk=iphoneos*]" = "iPhone Developer";
				COPY_PHASE_STRIP = YES;
				ENABLE_NS_ASSERTIONS = NO;
				GCC_C_LANGUAGE_STANDARD = gnu99;
				GCC_WARN_ABOUT_RETURN_TYPE = YES_ERROR;
				GCC_WARN_UNDECLARED_SELECTOR = YES;
				GCC_WARN_UNINITIALIZED_AUTOS = YES;
				GCC_WARN_UNUSED_FUNCTION = YES;
				GCC_WARN_UNUSED_VARIABLE = YES;
				IPHONEOS_DEPLOYMENT_TARGET = 6.0;
				PROVISIONING_PROFILE = "AF303C56-429B-4158-835E-0453F313F97D";
				SDKROOT = iphoneos;
				VALIDATE_PRODUCT = YES;
			};
			name = Release;
		};
		0177457817A60AC3001625BF /* Debug */ = {
			isa = XCBuildConfiguration;
			buildSettings = {
				ASSETCATALOG_COMPILER_APPICON_NAME = AppIcon;
				ASSETCATALOG_COMPILER_LAUNCHIMAGE_NAME = LaunchImage;
				CODE_SIGN_IDENTITY = "iPhone Developer";
				FRAMEWORK_SEARCH_PATHS = (
					"$(inherited)",
					/Users/Nick/Desktop/MyMaret,
				);
				GCC_PRECOMPILE_PREFIX_HEADER = YES;
				GCC_PREFIX_HEADER = "MyMaret/MyMaret-Prefix.pch";
				INFOPLIST_FILE = "MyMaret/MyMaret-Info.plist";
				IPHONEOS_DEPLOYMENT_TARGET = 6.0;
				PRODUCT_NAME = "$(TARGET_NAME)";
				PROVISIONING_PROFILE = "AF303C56-429B-4158-835E-0453F313F97D";
				WRAPPER_EXTENSION = app;
			};
			name = Debug;
		};
		0177457917A60AC3001625BF /* Release */ = {
			isa = XCBuildConfiguration;
			buildSettings = {
				ASSETCATALOG_COMPILER_APPICON_NAME = AppIcon;
				ASSETCATALOG_COMPILER_LAUNCHIMAGE_NAME = LaunchImage;
				CODE_SIGN_IDENTITY = "iPhone Developer";
				FRAMEWORK_SEARCH_PATHS = (
					"$(inherited)",
					/Users/Nick/Desktop/MyMaret,
				);
				GCC_PRECOMPILE_PREFIX_HEADER = YES;
				GCC_PREFIX_HEADER = "MyMaret/MyMaret-Prefix.pch";
				INFOPLIST_FILE = "MyMaret/MyMaret-Info.plist";
				IPHONEOS_DEPLOYMENT_TARGET = 6.0;
				PRODUCT_NAME = "$(TARGET_NAME)";
				PROVISIONING_PROFILE = "AF303C56-429B-4158-835E-0453F313F97D";
				WRAPPER_EXTENSION = app;
			};
			name = Release;
		};
		01A4FE2B17B97304007FAB5C /* Debug */ = {
			isa = XCBuildConfiguration;
			buildSettings = {
				BUNDLE_LOADER = "$(BUILT_PRODUCTS_DIR)/MyMaret.app/MyMaret";
				FRAMEWORK_SEARCH_PATHS = (
					"$(SDKROOT)/Developer/Library/Frameworks",
					"$(inherited)",
					"$(DEVELOPER_FRAMEWORKS_DIR)",
				);
				GCC_PRECOMPILE_PREFIX_HEADER = YES;
				GCC_PREFIX_HEADER = "MyMaret Tests/MyMaret Tests-Prefix.pch";
				GCC_PREPROCESSOR_DEFINITIONS = (
					"DEBUG=1",
					"$(inherited)",
				);
				INFOPLIST_FILE = "MyMaret Tests/MyMaret Tests-Info.plist";
				IPHONEOS_DEPLOYMENT_TARGET = 7.0;
				PRODUCT_NAME = "$(TARGET_NAME)";
				TEST_HOST = "$(BUNDLE_LOADER)";
				WRAPPER_EXTENSION = xctest;
			};
			name = Debug;
		};
		01A4FE2C17B97304007FAB5C /* Release */ = {
			isa = XCBuildConfiguration;
			buildSettings = {
				BUNDLE_LOADER = "$(BUILT_PRODUCTS_DIR)/MyMaret.app/MyMaret";
				FRAMEWORK_SEARCH_PATHS = (
					"$(SDKROOT)/Developer/Library/Frameworks",
					"$(inherited)",
					"$(DEVELOPER_FRAMEWORKS_DIR)",
				);
				GCC_PRECOMPILE_PREFIX_HEADER = YES;
				GCC_PREFIX_HEADER = "MyMaret Tests/MyMaret Tests-Prefix.pch";
				INFOPLIST_FILE = "MyMaret Tests/MyMaret Tests-Info.plist";
				IPHONEOS_DEPLOYMENT_TARGET = 7.0;
				PRODUCT_NAME = "$(TARGET_NAME)";
				TEST_HOST = "$(BUNDLE_LOADER)";
				WRAPPER_EXTENSION = xctest;
			};
			name = Release;
		};
/* End XCBuildConfiguration section */

/* Begin XCConfigurationList section */
		0177454017A60AC2001625BF /* Build configuration list for PBXProject "MyMaret" */ = {
			isa = XCConfigurationList;
			buildConfigurations = (
				0177457517A60AC3001625BF /* Debug */,
				0177457617A60AC3001625BF /* Release */,
			);
			defaultConfigurationIsVisible = 0;
			defaultConfigurationName = Release;
		};
		0177457717A60AC3001625BF /* Build configuration list for PBXNativeTarget "MyMaret" */ = {
			isa = XCConfigurationList;
			buildConfigurations = (
				0177457817A60AC3001625BF /* Debug */,
				0177457917A60AC3001625BF /* Release */,
			);
			defaultConfigurationIsVisible = 0;
			defaultConfigurationName = Release;
		};
		01A4FE2A17B97304007FAB5C /* Build configuration list for PBXNativeTarget "MyMaret Tests" */ = {
			isa = XCConfigurationList;
			buildConfigurations = (
				01A4FE2B17B97304007FAB5C /* Debug */,
				01A4FE2C17B97304007FAB5C /* Release */,
			);
			defaultConfigurationIsVisible = 0;
			defaultConfigurationName = Release;
		};
/* End XCConfigurationList section */

/* Begin XCVersionGroup section */
		01BF139A17A89B8500731690 /* AnnouncementsCDModel.xcdatamodeld */ = {
			isa = XCVersionGroup;
			children = (
				01BF139B17A89B8500731690 /* AnnouncementsCDModel.xcdatamodel */,
			);
			currentVersion = 01BF139B17A89B8500731690 /* AnnouncementsCDModel.xcdatamodel */;
			path = AnnouncementsCDModel.xcdatamodeld;
			sourceTree = "<group>";
			versionGroupType = wrapper.xcdatamodel;
		};
/* End XCVersionGroup section */
	};
	rootObject = 0177453D17A60AC2001625BF /* Project object */;
}
